
Microsoft Visual Studio Solution File, Format Version 12.00
# Visual Studio Version 17
VisualStudioVersion = 17.11.35327.3
MinimumVisualStudioVersion = 10.0.40219.1
Project("{FAE04EC0-301F-11D3-BF4B-00C04F79EFBC}") = "SignInWithGoogleForBlazorWebApp", "SignInWithGoogleForBlazorWebApp\SignInWithGoogleForBlazorWebApp.csproj", "{D5B36111-32B2-44E4-8343-8F154C7D7D3D}"
EndProject
Global
	GlobalSection(SolutionConfigurationPlatforms) = preSolution
		Debug|Any CPU = Debug|Any CPU
		Release|Any CPU = Release|Any CPU
	EndGlobalSection
	GlobalSection(ProjectConfigurationPlatforms) = postSolution
		{D5B36111-32B2-44E4-8343-8F154C7D7D3D}.Debug|Any CPU.ActiveCfg = Debug|Any CPU
		{D5B36111-32B2-44E4-8343-8F154C7D7D3D}.Debug|Any CPU.Build.0 = Debug|Any CPU
		{D5B36111-32B2-44E4-8343-8F154C7D7D3D}.Release|Any CPU.ActiveCfg = Release|Any CPU
		{D5B36111-32B2-44E4-8343-8F154C7D7D3D}.Release|Any CPU.Build.0 = Release|Any CPU
	EndGlobalSection
	GlobalSection(SolutionProperties) = preSolution
		HideSolutionNode = FALSE
	EndGlobalSection
	GlobalSection(ExtensibilityGlobals) = postSolution
		SolutionGuid = {219B77F3-B42D-4CFF-8A0B-B37E7296800E}
	EndGlobalSection
EndGlobal
